# This file was autogenerated by uv via the following command:
#    uv pip compile pyproject.toml --extra dev -o requirements.lock
alembic==1.16.5
    # via autonomous-rd-platform (pyproject.toml)
annotated-types==0.7.0
    # via pydantic
attrs==25.3.0
    # via hypothesis
black==23.11.0
    # via autonomous-rd-platform (pyproject.toml)
click==8.3.0
    # via
    #   black
    #   mutmut
coverage==7.10.7
    # via pytest-cov
glob2==0.7
    # via mutmut
hypothesis==6.92.1
    # via autonomous-rd-platform (pyproject.toml)
iniconfig==2.1.0
    # via pytest
joblib==1.3.2
    # via
    #   autonomous-rd-platform (pyproject.toml)
    #   scikit-learn
junit-xml==1.9
    # via mutmut
mako==1.3.10
    # via alembic
markupsafe==3.0.3
    # via mako
mutmut==2.4.4
    # via autonomous-rd-platform (pyproject.toml)
mypy==1.7.1
    # via autonomous-rd-platform (pyproject.toml)
mypy-extensions==1.1.0
    # via
    #   black
    #   mypy
numpy==1.26.2
    # via
    #   autonomous-rd-platform (pyproject.toml)
    #   pandas
    #   scikit-learn
    #   scipy
packaging==25.0
    # via
    #   black
    #   pytest
pandas==2.1.4
    # via autonomous-rd-platform (pyproject.toml)
parso==0.8.5
    # via mutmut
pathspec==0.12.1
    # via black
platformdirs==4.4.0
    # via black
pluggy==1.6.0
    # via pytest
pony==0.7.19
    # via mutmut
py-cpuinfo==9.0.0
    # via pytest-benchmark
pydantic==2.11.10
    # via autonomous-rd-platform (pyproject.toml)
pydantic-core==2.33.2
    # via pydantic
pytest==7.4.3
    # via
    #   autonomous-rd-platform (pyproject.toml)
    #   pytest-asyncio
    #   pytest-benchmark
    #   pytest-cov
    #   pytest-mock
pytest-asyncio==0.21.1
    # via autonomous-rd-platform (pyproject.toml)
pytest-benchmark==4.0.0
    # via autonomous-rd-platform (pyproject.toml)
pytest-cov==4.1.0
    # via autonomous-rd-platform (pyproject.toml)
pytest-mock==3.12.0
    # via autonomous-rd-platform (pyproject.toml)
python-dateutil==2.9.0.post0
    # via pandas
pytz==2025.2
    # via pandas
pyyaml==6.0.3
    # via autonomous-rd-platform (pyproject.toml)
ruff==0.1.6
    # via autonomous-rd-platform (pyproject.toml)
scikit-learn==1.3.2
    # via autonomous-rd-platform (pyproject.toml)
scipy==1.16.2
    # via scikit-learn
six==1.17.0
    # via
    #   junit-xml
    #   python-dateutil
sortedcontainers==2.4.0
    # via hypothesis
sqlalchemy==2.0.43
    # via
    #   autonomous-rd-platform (pyproject.toml)
    #   alembic
threadpoolctl==3.6.0
    # via scikit-learn
toml==0.10.2
    # via mutmut
typing-extensions==4.15.0
    # via
    #   alembic
    #   mypy
    #   pydantic
    #   pydantic-core
    #   sqlalchemy
    #   typing-inspection
typing-inspection==0.4.2
    # via pydantic
tzdata==2025.2
    # via pandas
